
Microsoft Visual Studio Solution File, Format Version 12.00
# Visual Studio Version 16
VisualStudioVersion = 16.0.32228.343
MinimumVisualStudioVersion = 10.0.40219.1
Project("{F184B08F-C81C-45F6-A57F-5ABD9991F28F}") = "Junta_Formularios", "Junta_Formularios.vbproj", "{33F25DB1-4787-4D16-9884-AB95DABEFC3F}"
EndProject
Global
	GlobalSection(SolutionConfigurationPlatforms) = preSolution
		Debug|Any CPU = Debug|Any CPU
		Release|Any CPU = Release|Any CPU
	EndGlobalSection
	GlobalSection(ProjectConfigurationPlatforms) = postSolution
		{33F25DB1-4787-4D16-9884-AB95DABEFC3F}.Debug|Any CPU.ActiveCfg = Debug|Any CPU
		{33F25DB1-4787-4D16-9884-AB95DABEFC3F}.Debug|Any CPU.Build.0 = Debug|Any CPU
		{33F25DB1-4787-4D16-9884-AB95DABEFC3F}.Release|Any CPU.ActiveCfg = Release|Any CPU
		{33F25DB1-4787-4D16-9884-AB95DABEFC3F}.Release|Any CPU.Build.0 = Release|Any CPU
	EndGlobalSection
	GlobalSection(SolutionProperties) = preSolution
		HideSolutionNode = FALSE
	EndGlobalSection
	GlobalSection(ExtensibilityGlobals) = postSolution
		SolutionGuid = {99811122-A1C7-4AD4-99DA-2EDDCCA282CC}
	EndGlobalSection
EndGlobal
